
Microsoft Visual Studio Solution File, Format Version 12.00
# Visual Studio 14
VisualStudioVersion = 14.0.25420.1
MinimumVisualStudioVersion = 10.0.40219.1
Project("{FAE04EC0-301F-11D3-BF4B-00C04F79EFBC}") = "StackImplementation", "StackImplementation\StackImplementation.csproj", "{0B72D853-B037-4D18-BF64-4ABD2E403708}"
EndProject
Project("{FAE04EC0-301F-11D3-BF4B-00C04F79EFBC}") = "StackUnitTestProject", "StackUnitTestProject\StackUnitTestProject.csproj", "{55A46B6E-8F80-4ECF-B2DB-34FCA5C857F4}"
EndProject
Global
	GlobalSection(SolutionConfigurationPlatforms) = preSolution
		Debug|Any CPU = Debug|Any CPU
		Release|Any CPU = Release|Any CPU
	EndGlobalSection
	GlobalSection(ProjectConfigurationPlatforms) = postSolution
		{0B72D853-B037-4D18-BF64-4ABD2E403708}.Debug|Any CPU.ActiveCfg = Debug|Any CPU
		{0B72D853-B037-4D18-BF64-4ABD2E403708}.Debug|Any CPU.Build.0 = Debug|Any CPU
		{0B72D853-B037-4D18-BF64-4ABD2E403708}.Release|Any CPU.ActiveCfg = Release|Any CPU
		{0B72D853-B037-4D18-BF64-4ABD2E403708}.Release|Any CPU.Build.0 = Release|Any CPU
		{55A46B6E-8F80-4ECF-B2DB-34FCA5C857F4}.Debug|Any CPU.ActiveCfg = Debug|Any CPU
		{55A46B6E-8F80-4ECF-B2DB-34FCA5C857F4}.Debug|Any CPU.Build.0 = Debug|Any CPU
		{55A46B6E-8F80-4ECF-B2DB-34FCA5C857F4}.Release|Any CPU.ActiveCfg = Release|Any CPU
		{55A46B6E-8F80-4ECF-B2DB-34FCA5C857F4}.Release|Any CPU.Build.0 = Release|Any CPU
	EndGlobalSection
	GlobalSection(SolutionProperties) = preSolution
		HideSolutionNode = FALSE
	EndGlobalSection
EndGlobal
